
Microsoft Visual Studio Solution File, Format Version 12.00
# Visual Studio 14
VisualStudioVersion = 14.0.24720.0
MinimumVisualStudioVersion = 10.0.40219.1
Project("{FAE04EC0-301F-11D3-BF4B-00C04F79EFBC}") = "ArturBiniek.Mancala.Game", "ArturBiniek.Mancala.Game\ArturBiniek.Mancala.Game.csproj", "{33F61C40-F87F-44C0-B727-4C1B2450D147}"
EndProject
Project("{FAE04EC0-301F-11D3-BF4B-00C04F79EFBC}") = "ArturBiniek.Mancala.ConsoleClient", "ArturBiniek.Mancala.ConsoleClient\ArturBiniek.Mancala.ConsoleClient.csproj", "{7ED8A984-CF98-49EA-8D24-210905216624}"
EndProject
Global
	GlobalSection(SolutionConfigurationPlatforms) = preSolution
		Debug|Any CPU = Debug|Any CPU
		Release|Any CPU = Release|Any CPU
	EndGlobalSection
	GlobalSection(ProjectConfigurationPlatforms) = postSolution
		{33F61C40-F87F-44C0-B727-4C1B2450D147}.Debug|Any CPU.ActiveCfg = Debug|Any CPU
		{33F61C40-F87F-44C0-B727-4C1B2450D147}.Debug|Any CPU.Build.0 = Debug|Any CPU
		{33F61C40-F87F-44C0-B727-4C1B2450D147}.Release|Any CPU.ActiveCfg = Release|Any CPU
		{33F61C40-F87F-44C0-B727-4C1B2450D147}.Release|Any CPU.Build.0 = Release|Any CPU
		{7ED8A984-CF98-49EA-8D24-210905216624}.Debug|Any CPU.ActiveCfg = Debug|Any CPU
		{7ED8A984-CF98-49EA-8D24-210905216624}.Debug|Any CPU.Build.0 = Debug|Any CPU
		{7ED8A984-CF98-49EA-8D24-210905216624}.Release|Any CPU.ActiveCfg = Release|Any CPU
		{7ED8A984-CF98-49EA-8D24-210905216624}.Release|Any CPU.Build.0 = Release|Any CPU
	EndGlobalSection
	GlobalSection(SolutionProperties) = preSolution
		HideSolutionNode = FALSE
	EndGlobalSection
EndGlobal
